
Microsoft Visual Studio Solution File, Format Version 12.00
# Visual Studio Version 17
VisualStudioVersion = 17.5.33502.453
MinimumVisualStudioVersion = 10.0.40219.1
Project("{FAE04EC0-301F-11D3-BF4B-00C04F79EFBC}") = "Proxy", "Proxy\Proxy.csproj", "{3B11D696-A652-4329-9CF1-F00DB07B742E}"
EndProject
Project("{FAE04EC0-301F-11D3-BF4B-00C04F79EFBC}") = "Device", "Device\Device.csproj", "{870AB28E-E036-4A2D-8A4F-4838ADC38255}"
EndProject
Project("{FAE04EC0-301F-11D3-BF4B-00C04F79EFBC}") = "Client", "Client\Client.csproj", "{66BEC1A4-7BA9-46EE-A8E9-2D86D4D575B6}"
EndProject
Project("{FAE04EC0-301F-11D3-BF4B-00C04F79EFBC}") = "Common", "Common\Common.csproj", "{6FD167C4-DF66-45CE-BA93-42EF77023CE6}"
EndProject
Project("{FAE04EC0-301F-11D3-BF4B-00C04F79EFBC}") = "Service", "Service\Service.csproj", "{334FE0DE-3AF3-4474-85EB-FE54A18D70A2}"
EndProject
Project("{2150E333-8FDC-42A3-9474-1A3956D46DE8}") = "Test", "Test", "{1213DAB5-3547-4479-A208-882E523ACB67}"
EndProject
Project("{FAE04EC0-301F-11D3-BF4B-00C04F79EFBC}") = "ClientTest", "ClientTest\ClientTest.csproj", "{AF9953AF-DC44-445C-AEFD-B5D393962350}"
EndProject
Project("{FAE04EC0-301F-11D3-BF4B-00C04F79EFBC}") = "CommonTest", "CommonTest\CommonTest.csproj", "{0DF7CEA5-1E67-4FE9-9C21-CD9FDD71BDBA}"
EndProject
Project("{FAE04EC0-301F-11D3-BF4B-00C04F79EFBC}") = "DeviceTest", "DeviceTest\DeviceTest.csproj", "{62496B56-5897-4850-8B63-2A6FA7ED8BC2}"
EndProject
Project("{FAE04EC0-301F-11D3-BF4B-00C04F79EFBC}") = "ProxyTest", "ProxyTest\ProxyTest.csproj", "{69D59CD8-88FD-470A-8FFB-37571D8A0925}"
EndProject
Project("{FAE04EC0-301F-11D3-BF4B-00C04F79EFBC}") = "ServiceTest", "ServiceTest\ServiceTest.csproj", "{3342632E-C0A9-40C8-BCD4-2A0B4B450FA2}"
EndProject
Global
	GlobalSection(SolutionConfigurationPlatforms) = preSolution
		Debug|Any CPU = Debug|Any CPU
		Release|Any CPU = Release|Any CPU
	EndGlobalSection
	GlobalSection(ProjectConfigurationPlatforms) = postSolution
		{3B11D696-A652-4329-9CF1-F00DB07B742E}.Debug|Any CPU.ActiveCfg = Debug|Any CPU
		{3B11D696-A652-4329-9CF1-F00DB07B742E}.Debug|Any CPU.Build.0 = Debug|Any CPU
		{3B11D696-A652-4329-9CF1-F00DB07B742E}.Release|Any CPU.ActiveCfg = Release|Any CPU
		{3B11D696-A652-4329-9CF1-F00DB07B742E}.Release|Any CPU.Build.0 = Release|Any CPU
		{870AB28E-E036-4A2D-8A4F-4838ADC38255}.Debug|Any CPU.ActiveCfg = Debug|Any CPU
		{870AB28E-E036-4A2D-8A4F-4838ADC38255}.Debug|Any CPU.Build.0 = Debug|Any CPU
		{870AB28E-E036-4A2D-8A4F-4838ADC38255}.Release|Any CPU.ActiveCfg = Release|Any CPU
		{870AB28E-E036-4A2D-8A4F-4838ADC38255}.Release|Any CPU.Build.0 = Release|Any CPU
		{66BEC1A4-7BA9-46EE-A8E9-2D86D4D575B6}.Debug|Any CPU.ActiveCfg = Debug|Any CPU
		{66BEC1A4-7BA9-46EE-A8E9-2D86D4D575B6}.Debug|Any CPU.Build.0 = Debug|Any CPU
		{66BEC1A4-7BA9-46EE-A8E9-2D86D4D575B6}.Release|Any CPU.ActiveCfg = Release|Any CPU
		{66BEC1A4-7BA9-46EE-A8E9-2D86D4D575B6}.Release|Any CPU.Build.0 = Release|Any CPU
		{6FD167C4-DF66-45CE-BA93-42EF77023CE6}.Debug|Any CPU.ActiveCfg = Debug|Any CPU
		{6FD167C4-DF66-45CE-BA93-42EF77023CE6}.Debug|Any CPU.Build.0 = Debug|Any CPU
		{6FD167C4-DF66-45CE-BA93-42EF77023CE6}.Release|Any CPU.ActiveCfg = Release|Any CPU
		{6FD167C4-DF66-45CE-BA93-42EF77023CE6}.Release|Any CPU.Build.0 = Release|Any CPU
		{334FE0DE-3AF3-4474-85EB-FE54A18D70A2}.Debug|Any CPU.ActiveCfg = Debug|Any CPU
		{334FE0DE-3AF3-4474-85EB-FE54A18D70A2}.Debug|Any CPU.Build.0 = Debug|Any CPU
		{334FE0DE-3AF3-4474-85EB-FE54A18D70A2}.Release|Any CPU.ActiveCfg = Release|Any CPU
		{334FE0DE-3AF3-4474-85EB-FE54A18D70A2}.Release|Any CPU.Build.0 = Release|Any CPU
		{AF9953AF-DC44-445C-AEFD-B5D393962350}.Debug|Any CPU.ActiveCfg = Debug|Any CPU
		{AF9953AF-DC44-445C-AEFD-B5D393962350}.Debug|Any CPU.Build.0 = Debug|Any CPU
		{AF9953AF-DC44-445C-AEFD-B5D393962350}.Release|Any CPU.ActiveCfg = Release|Any CPU
		{AF9953AF-DC44-445C-AEFD-B5D393962350}.Release|Any CPU.Build.0 = Release|Any CPU
		{0DF7CEA5-1E67-4FE9-9C21-CD9FDD71BDBA}.Debug|Any CPU.ActiveCfg = Debug|Any CPU
		{0DF7CEA5-1E67-4FE9-9C21-CD9FDD71BDBA}.Debug|Any CPU.Build.0 = Debug|Any CPU
		{0DF7CEA5-1E67-4FE9-9C21-CD9FDD71BDBA}.Release|Any CPU.ActiveCfg = Release|Any CPU
		{0DF7CEA5-1E67-4FE9-9C21-CD9FDD71BDBA}.Release|Any CPU.Build.0 = Release|Any CPU
		{62496B56-5897-4850-8B63-2A6FA7ED8BC2}.Debug|Any CPU.ActiveCfg = Debug|Any CPU
		{62496B56-5897-4850-8B63-2A6FA7ED8BC2}.Debug|Any CPU.Build.0 = Debug|Any CPU
		{62496B56-5897-4850-8B63-2A6FA7ED8BC2}.Release|Any CPU.ActiveCfg = Release|Any CPU
		{62496B56-5897-4850-8B63-2A6FA7ED8BC2}.Release|Any CPU.Build.0 = Release|Any CPU
		{69D59CD8-88FD-470A-8FFB-37571D8A0925}.Debug|Any CPU.ActiveCfg = Debug|Any CPU
		{69D59CD8-88FD-470A-8FFB-37571D8A0925}.Debug|Any CPU.Build.0 = Debug|Any CPU
		{69D59CD8-88FD-470A-8FFB-37571D8A0925}.Release|Any CPU.ActiveCfg = Release|Any CPU
		{69D59CD8-88FD-470A-8FFB-37571D8A0925}.Release|Any CPU.Build.0 = Release|Any CPU
		{3342632E-C0A9-40C8-BCD4-2A0B4B450FA2}.Debug|Any CPU.ActiveCfg = Debug|Any CPU
		{3342632E-C0A9-40C8-BCD4-2A0B4B450FA2}.Debug|Any CPU.Build.0 = Debug|Any CPU
		{3342632E-C0A9-40C8-BCD4-2A0B4B450FA2}.Release|Any CPU.ActiveCfg = Release|Any CPU
		{3342632E-C0A9-40C8-BCD4-2A0B4B450FA2}.Release|Any CPU.Build.0 = Release|Any CPU
	EndGlobalSection
	GlobalSection(SolutionProperties) = preSolution
		HideSolutionNode = FALSE
	EndGlobalSection
	GlobalSection(NestedProjects) = preSolution
		{AF9953AF-DC44-445C-AEFD-B5D393962350} = {1213DAB5-3547-4479-A208-882E523ACB67}
		{0DF7CEA5-1E67-4FE9-9C21-CD9FDD71BDBA} = {1213DAB5-3547-4479-A208-882E523ACB67}
		{62496B56-5897-4850-8B63-2A6FA7ED8BC2} = {1213DAB5-3547-4479-A208-882E523ACB67}
		{69D59CD8-88FD-470A-8FFB-37571D8A0925} = {1213DAB5-3547-4479-A208-882E523ACB67}
		{3342632E-C0A9-40C8-BCD4-2A0B4B450FA2} = {1213DAB5-3547-4479-A208-882E523ACB67}
	EndGlobalSection
	GlobalSection(ExtensibilityGlobals) = postSolution
		SolutionGuid = {276E97D5-7E44-443C-A9AD-D964E2B1C4D2}
	EndGlobalSection
EndGlobal
